# This file is automatically @generated by Cargo.
# It is not intended for manual editing.
version = 4

[[package]]
name = "adapters"
version = "0.1.0"
dependencies = [
 "application",
 "domain",
]

[[package]]
name = "application"
version = "0.1.0"
dependencies = [
 "domain",
]

[[package]]
name = "domain"
version = "0.1.0"

[[package]]
name = "server"
version = "0.1.0"
dependencies = [
 "adapters",
 "application",
 "domain",
 "test-support",
]

[[package]]
name = "test-support"
version = "0.1.0"
dependencies = [
 "application",
 "domain",
]
